
Microsoft Visual Studio Solution File, Format Version 12.00
# Visual Studio Version 17
VisualStudioVersion = 17.7.34018.315
MinimumVisualStudioVersion = 10.0.40219.1
Project("{FAE04EC0-301F-11D3-BF4B-00C04F79EFBC}") = "uri1020", "uri1020\uri1020.csproj", "{4F65521C-74A0-4CCC-8832-79D5E4B5E9A5}"
EndProject
Global
	GlobalSection(SolutionConfigurationPlatforms) = preSolution
		Debug|Any CPU = Debug|Any CPU
		Release|Any CPU = Release|Any CPU
	EndGlobalSection
	GlobalSection(ProjectConfigurationPlatforms) = postSolution
		{4F65521C-74A0-4CCC-8832-79D5E4B5E9A5}.Debug|Any CPU.ActiveCfg = Debug|Any CPU
		{4F65521C-74A0-4CCC-8832-79D5E4B5E9A5}.Debug|Any CPU.Build.0 = Debug|Any CPU
		{4F65521C-74A0-4CCC-8832-79D5E4B5E9A5}.Release|Any CPU.ActiveCfg = Release|Any CPU
		{4F65521C-74A0-4CCC-8832-79D5E4B5E9A5}.Release|Any CPU.Build.0 = Release|Any CPU
	EndGlobalSection
	GlobalSection(SolutionProperties) = preSolution
		HideSolutionNode = FALSE
	EndGlobalSection
	GlobalSection(ExtensibilityGlobals) = postSolution
		SolutionGuid = {FF8B32E7-50E3-42CE-A3A8-DE927EFA4111}
	EndGlobalSection
EndGlobal
